
Microsoft Visual Studio Solution File, Format Version 12.00
# Visual Studio Version 16
VisualStudioVersion = 16.0.28729.10
MinimumVisualStudioVersion = 10.0.40219.1
Project("{9092AA53-FB77-4645-B42D-1CCCA6BD08BD}") = "SpotifyApplicationUI", "SpotifyApplicationUI\SpotifyApplicationUI.njsproj", "{27A281E6-12A9-44B5-846A-4751CF4329E7}"
EndProject
Global
	GlobalSection(SolutionConfigurationPlatforms) = preSolution
		Debug|Any CPU = Debug|Any CPU
		Release|Any CPU = Release|Any CPU
	EndGlobalSection
	GlobalSection(ProjectConfigurationPlatforms) = postSolution
		{27A281E6-12A9-44B5-846A-4751CF4329E7}.Debug|Any CPU.ActiveCfg = Debug|Any CPU
		{27A281E6-12A9-44B5-846A-4751CF4329E7}.Debug|Any CPU.Build.0 = Debug|Any CPU
		{27A281E6-12A9-44B5-846A-4751CF4329E7}.Release|Any CPU.ActiveCfg = Release|Any CPU
		{27A281E6-12A9-44B5-846A-4751CF4329E7}.Release|Any CPU.Build.0 = Release|Any CPU
	EndGlobalSection
	GlobalSection(SolutionProperties) = preSolution
		HideSolutionNode = FALSE
	EndGlobalSection
	GlobalSection(ExtensibilityGlobals) = postSolution
		SolutionGuid = {92328A24-9087-4710-B7D3-832B001F88B3}
	EndGlobalSection
EndGlobal
